
Microsoft Visual Studio Solution File, Format Version 12.00
# Visual Studio Version 17
VisualStudioVersion = 17.4.33213.308
MinimumVisualStudioVersion = 10.0.40219.1
Project("{9A19103F-16F7-4668-BE54-9A1E7A4F7556}") = "ListSmarter", "ListSmarter\ListSmarter.csproj", "{247C9DBE-60D8-49DE-8EBC-D997F86B56B3}"
EndProject
Project("{9A19103F-16F7-4668-BE54-9A1E7A4F7556}") = "ListSmarter.ConsoleUI", "ListSmarter.ConsoleUI\ListSmarter.ConsoleUI.csproj", "{A5C92957-6FFC-4360-AFE1-D5AFF84D4E73}"
EndProject
Project("{FAE04EC0-301F-11D3-BF4B-00C04F79EFBC}") = "ListSmarter.webApi", "ListSmarter.webApi\ListSmarter.webApi.csproj", "{F8AA5945-0512-4AB1-B0A3-8AC92C081A9C}"
EndProject
Global
	GlobalSection(SolutionConfigurationPlatforms) = preSolution
		Debug|Any CPU = Debug|Any CPU
		Release|Any CPU = Release|Any CPU
	EndGlobalSection
	GlobalSection(ProjectConfigurationPlatforms) = postSolution
		{247C9DBE-60D8-49DE-8EBC-D997F86B56B3}.Debug|Any CPU.ActiveCfg = Debug|Any CPU
		{247C9DBE-60D8-49DE-8EBC-D997F86B56B3}.Debug|Any CPU.Build.0 = Debug|Any CPU
		{247C9DBE-60D8-49DE-8EBC-D997F86B56B3}.Release|Any CPU.ActiveCfg = Release|Any CPU
		{247C9DBE-60D8-49DE-8EBC-D997F86B56B3}.Release|Any CPU.Build.0 = Release|Any CPU
		{A5C92957-6FFC-4360-AFE1-D5AFF84D4E73}.Debug|Any CPU.ActiveCfg = Debug|Any CPU
		{A5C92957-6FFC-4360-AFE1-D5AFF84D4E73}.Debug|Any CPU.Build.0 = Debug|Any CPU
		{A5C92957-6FFC-4360-AFE1-D5AFF84D4E73}.Release|Any CPU.ActiveCfg = Release|Any CPU
		{A5C92957-6FFC-4360-AFE1-D5AFF84D4E73}.Release|Any CPU.Build.0 = Release|Any CPU
		{F8AA5945-0512-4AB1-B0A3-8AC92C081A9C}.Debug|Any CPU.ActiveCfg = Debug|Any CPU
		{F8AA5945-0512-4AB1-B0A3-8AC92C081A9C}.Debug|Any CPU.Build.0 = Debug|Any CPU
		{F8AA5945-0512-4AB1-B0A3-8AC92C081A9C}.Release|Any CPU.ActiveCfg = Release|Any CPU
		{F8AA5945-0512-4AB1-B0A3-8AC92C081A9C}.Release|Any CPU.Build.0 = Release|Any CPU
	EndGlobalSection
	GlobalSection(SolutionProperties) = preSolution
		HideSolutionNode = FALSE
	EndGlobalSection
	GlobalSection(ExtensibilityGlobals) = postSolution
		SolutionGuid = {7D9F4C7E-2694-4E05-AFC3-72966F368C4C}
	EndGlobalSection
EndGlobal
